
Microsoft Visual Studio Solution File, Format Version 12.00
# Visual Studio 15
VisualStudioVersion = 15.0.28010.2003
MinimumVisualStudioVersion = 10.0.40219.1
Project("{FAE04EC0-301F-11D3-BF4B-00C04F79EFBC}") = "API", "API\API.csproj", "{E6D2612B-0BCF-43F4-A0F1-28D88C77F39B}"
EndProject
Global
	GlobalSection(SolutionConfigurationPlatforms) = preSolution
		Debug|Any CPU = Debug|Any CPU
		Release|Any CPU = Release|Any CPU
	EndGlobalSection
	GlobalSection(ProjectConfigurationPlatforms) = postSolution
		{E6D2612B-0BCF-43F4-A0F1-28D88C77F39B}.Debug|Any CPU.ActiveCfg = Debug|Any CPU
		{E6D2612B-0BCF-43F4-A0F1-28D88C77F39B}.Debug|Any CPU.Build.0 = Debug|Any CPU
		{E6D2612B-0BCF-43F4-A0F1-28D88C77F39B}.Release|Any CPU.ActiveCfg = Release|Any CPU
		{E6D2612B-0BCF-43F4-A0F1-28D88C77F39B}.Release|Any CPU.Build.0 = Release|Any CPU
	EndGlobalSection
	GlobalSection(SolutionProperties) = preSolution
		HideSolutionNode = FALSE
	EndGlobalSection
	GlobalSection(ExtensibilityGlobals) = postSolution
		SolutionGuid = {54EBFF08-5B1F-4A35-B845-3F41E23CBA52}
	EndGlobalSection
EndGlobal
